
Microsoft Visual Studio Solution File, Format Version 12.00
# Visual Studio Version 17
VisualStudioVersion = 17.0.32126.317
MinimumVisualStudioVersion = 10.0.40219.1
Project("{8BC9CEB8-8B4A-11D0-8D11-00A0C91BC942}") = "MatrixCompareTest", "src\MatrixCompareTest\MatrixCompareTest.vcxproj", "{AF0E00CA-F5C5-4CAD-8FA5-40EA627DC792}"
EndProject
Global
	GlobalSection(SolutionConfigurationPlatforms) = preSolution
		Debug|x64 = Debug|x64
		Debug|x86 = Debug|x86
		Release|x64 = Release|x64
		Release|x86 = Release|x86
	EndGlobalSection
	GlobalSection(ProjectConfigurationPlatforms) = postSolution
		{AF0E00CA-F5C5-4CAD-8FA5-40EA627DC792}.Debug|x64.ActiveCfg = Debug|x64
		{AF0E00CA-F5C5-4CAD-8FA5-40EA627DC792}.Debug|x64.Build.0 = Debug|x64
		{AF0E00CA-F5C5-4CAD-8FA5-40EA627DC792}.Debug|x86.ActiveCfg = Debug|Win32
		{AF0E00CA-F5C5-4CAD-8FA5-40EA627DC792}.Debug|x86.Build.0 = Debug|Win32
		{AF0E00CA-F5C5-4CAD-8FA5-40EA627DC792}.Release|x64.ActiveCfg = Release|x64
		{AF0E00CA-F5C5-4CAD-8FA5-40EA627DC792}.Release|x64.Build.0 = Release|x64
		{AF0E00CA-F5C5-4CAD-8FA5-40EA627DC792}.Release|x86.ActiveCfg = Release|Win32
		{AF0E00CA-F5C5-4CAD-8FA5-40EA627DC792}.Release|x86.Build.0 = Release|Win32
	EndGlobalSection
	GlobalSection(SolutionProperties) = preSolution
		HideSolutionNode = FALSE
	EndGlobalSection
	GlobalSection(ExtensibilityGlobals) = postSolution
		SolutionGuid = {9460B6F3-35FC-4F4B-9427-F89234A98E06}
	EndGlobalSection
EndGlobal
